# This file is automatically @generated by Cargo.
# It is not intended for manual editing.
version = 3

[[package]]
name = "chat_client"
version = "0.1.0"

[[package]]
name = "chat_core"
version = "0.1.0"

[[package]]
name = "chat_server"
version = "0.1.0"

[[package]]
name = "layla_chat"
version = "0.1.0"
